// !$*UTF8*$!
{
	archiveVersion = 1;
	classes = {
	};
	objectVersion = 46;
	objects = {

/* Begin PBXBuildFile section */
		4F2410C01CF7C0410022C61C /* AppDelegate.swift in Sources */ = {isa = PBXBuildFile; fileRef = 4F2410BF1CF7C0410022C61C /* AppDelegate.swift */; };
		4F2410C21CF7C0410022C61C /* ViewController.swift in Sources */ = {isa = PBXBuildFile; fileRef = 4F2410C11CF7C0410022C61C /* ViewController.swift */; };
		4F2410C51CF7C0410022C61C /* Main.storyboard in Resources */ = {isa = PBXBuildFile; fileRef = 4F2410C31CF7C0410022C61C /* Main.storyboard */; };
		4F2410C71CF7C0410022C61C /* Assets.xcassets in Resources */ = {isa = PBXBuildFile; fileRef = 4F2410C61CF7C0410022C61C /* Assets.xcassets */; };
		4F2410CA1CF7C0410022C61C /* LaunchScreen.storyboard in Resources */ = {isa = PBXBuildFile; fileRef = 4F2410C81CF7C0410022C61C /* LaunchScreen.storyboard */; };
		4F2410D51CF7C0420022C61C /* DropBoxTests.swift in Sources */ = {isa = PBXBuildFile; fileRef = 4F2410D41CF7C0420022C61C /* DropBoxTests.swift */; };
		4F2410E01CF7C0420022C61C /* DropBoxUITests.swift in Sources */ = {isa = PBXBuildFile; fileRef = 4F2410DF1CF7C0420022C61C /* DropBoxUITests.swift */; };
/* End PBXBuildFile section */

/* Begin PBXContainerItemProxy section */
		4F2410D11CF7C0420022C61C /* PBXContainerItemProxy */ = {
			isa = PBXContainerItemProxy;
			containerPortal = 4F2410B41CF7C0410022C61C /* Project object */;
			proxyType = 1;
			remoteGlobalIDString = 4F2410BB1CF7C0410022C61C;
			remoteInfo = DropBox;
		};
		4F2410DC1CF7C0420022C61C /* PBXContainerItemProxy */ = {
			isa = PBXContainerItemProxy;
			containerPortal = 4F2410B41CF7C0410022C61C /* Project object */;
			proxyType = 1;
			remoteGlobalIDString = 4F2410BB1CF7C0410022C61C;
			remoteInfo = DropBox;
		};
/* End PBXContainerItemProxy section */

/* Begin PBXFileReference section */
		4F2410BC1CF7C0410022C61C /* DropBox.app */ = {isa = PBXFileReference; explicitFileType = wrapper.application; includeInIndex = 0; path = DropBox.app; sourceTree = BUILT_PRODUCTS_DIR; };
		4F2410BF1CF7C0410022C61C /* AppDelegate.swift */ = {isa = PBXFileReference; lastKnownFileType = sourcecode.swift; path = AppDelegate.swift; sourceTree = "<group>"; };
		4F2410C11CF7C0410022C61C /* ViewController.swift */ = {isa = PBXFileReference; lastKnownFileType = sourcecode.swift; path = ViewController.swift; sourceTree = "<group>"; };
		4F2410C41CF7C0410022C61C /* Base */ = {isa = PBXFileReference; lastKnownFileType = file.storyboard; name = Base; path = Base.lproj/Main.storyboard; sourceTree = "<group>"; };
		4F2410C61CF7C0410022C61C /* Assets.xcassets */ = {isa = PBXFileReference; lastKnownFileType = folder.assetcatalog; path = Assets.xcassets; sourceTree = "<group>"; };
		4F2410C91CF7C0410022C61C /* Base */ = {isa = PBXFileReference; lastKnownFileType = file.storyboard; name = Base; path = Base.lproj/LaunchScreen.storyboard; sourceTree = "<group>"; };
		4F2410CB1CF7C0410022C61C /* Info.plist */ = {isa = PBXFileReference; lastKnownFileType = text.plist.xml; path = Info.plist; sourceTree = "<group>"; };
		4F2410D01CF7C0420022C61C /* DropBoxTests.xctest */ = {isa = PBXFileReference; explicitFileType = wrapper.cfbundle; includeInIndex = 0; path = DropBoxTests.xctest; sourceTree = BUILT_PRODUCTS_DIR; };
		4F2410D41CF7C0420022C61C /* DropBoxTests.swift */ = {isa = PBXFileReference; lastKnownFileType = sourcecode.swift; path = DropBoxTests.swift; sourceTree = "<group>"; };
		4F2410D61CF7C0420022C61C /* Info.plist */ = {isa = PBXFileReference; lastKnownFileType = text.plist.xml; path = Info.plist; sourceTree = "<group>"; };
		4F2410DB1CF7C0420022C61C /* DropBoxUITests.xctest */ = {isa = PBXFileReference; explicitFileType = wrapper.cfbundle; includeInIndex = 0; path = DropBoxUITests.xctest; sourceTree = BUILT_PRODUCTS_DIR; };
		4F2410DF1CF7C0420022C61C /* DropBoxUITests.swift */ = {isa = PBXFileReference; lastKnownFileType = sourcecode.swift; path = DropBoxUITests.swift; sourceTree = "<group>"; };
		4F2410E11CF7C0420022C61C /* Info.plist */ = {isa = PBXFileReference; lastKnownFileType = text.plist.xml; path = Info.plist; sourceTree = "<group>"; };
/* End PBXFileReference section */

/* Begin PBXFrameworksBuildPhase section */
		4F2410B91CF7C0410022C61C /* Frameworks */ = {
			isa = PBXFrameworksBuildPhase;
			buildActionMask = 2147483647;
			files = (
			);
			runOnlyForDeploymentPostprocessing = 0;
		};
		4F2410CD1CF7C0420022C61C /* Frameworks */ = {
			isa = PBXFrameworksBuildPhase;
			buildActionMask = 2147483647;
			files = (
			);
			runOnlyForDeploymentPostprocessing = 0;
		};
		4F2410D81CF7C0420022C61C /* Frameworks */ = {
			isa = PBXFrameworksBuildPhase;
			buildActionMask = 2147483647;
			files = (
			);
			runOnlyForDeploymentPostprocessing = 0;
		};
/* End PBXFrameworksBuildPhase section */

/* Begin PBXGroup section */
		4F2410B31CF7C0410022C61C = {
			isa = PBXGroup;
			children = (
				4F2410BE1CF7C0410022C61C /* DropBox */,
				4F2410D31CF7C0420022C61C /* DropBoxTests */,
				4F2410DE1CF7C0420022C61C /* DropBoxUITests */,
				4F2410BD1CF7C0410022C61C /* Products */,
			);
			sourceTree = "<group>";
		};
		4F2410BD1CF7C0410022C61C /* Products */ = {
			isa = PBXGroup;
			children = (
				4F2410BC1CF7C0410022C61C /* DropBox.app */,
				4F2410D01CF7C0420022C61C /* DropBoxTests.xctest */,
				4F2410DB1CF7C0420022C61C /* DropBoxUITests.xctest */,
			);
			name = Products;
			sourceTree = "<group>";
		};
		4F2410BE1CF7C0410022C61C /* DropBox */ = {
			isa = PBXGroup;
			children = (
				4F2410BF1CF7C0410022C61C /* AppDelegate.swift */,
				4F2410C11CF7C0410022C61C /* ViewController.swift */,
				4F2410C31CF7C0410022C61C /* Main.storyboard */,
				4F2410C61CF7C0410022C61C /* Assets.xcassets */,
				4F2410C81CF7C0410022C61C /* LaunchScreen.storyboard */,
				4F2410CB1CF7C0410022C61C /* Info.plist */,
			);
			path = DropBox;
			sourceTree = "<group>";
		};
		4F2410D31CF7C0420022C61C /* DropBoxTests */ = {
			isa = PBXGroup;
			children = (
				4F2410D41CF7C0420022C61C /* DropBoxTests.swift */,
				4F2410D61CF7C0420022C61C /* Info.plist */,
			);
			path = DropBoxTests;
			sourceTree = "<group>";
		};
		4F2410DE1CF7C0420022C61C /* DropBoxUITests */ = {
			isa = PBXGroup;
			children = (
				4F2410DF1CF7C0420022C61C /* DropBoxUITests.swift */,
				4F2410E11CF7C0420022C61C /* Info.plist */,
			);
			path = DropBoxUITests;
			sourceTree = "<group>";
		};
/* End PBXGroup section */

/* Begin PBXNativeTarget section */
		4F2410BB1CF7C0410022C61C /* DropBox */ = {
			isa = PBXNativeTarget;
			buildConfigurationList = 4F2410E41CF7C0420022C61C /* Build configuration list for PBXNativeTarget "DropBox" */;
			buildPhases = (
				4F2410B81CF7C0410022C61C /* Sources */,
				4F2410B91CF7C0410022C61C /* Frameworks */,
				4F2410BA1CF7C0410022C61C /* Resources */,
			);
			buildRules = (
			);
			dependencies = (
			);
			name = DropBox;
			productName = DropBox;
			productReference = 4F2410BC1CF7C0410022C61C /* DropBox.app */;
			productType = "com.apple.product-type.application";
		};
		4F2410CF1CF7C0420022C61C /* DropBoxTests */ = {
			isa = PBXNativeTarget;
			buildConfigurationList = 4F2410E71CF7C0420022C61C /* Build configuration list for PBXNativeTarget "DropBoxTests" */;
			buildPhases = (
				4F2410CC1CF7C0420022C61C /* Sources */,
				4F2410CD1CF7C0420022C61C /* Frameworks */,
				4F2410CE1CF7C0420022C61C /* Resources */,
			);
			buildRules = (
			);
			dependencies = (
				4F2410D21CF7C0420022C61C /* PBXTargetDependency */,
			);
			name = DropBoxTests;
			productName = DropBoxTests;
			productReference = 4F2410D01CF7C0420022C61C /* DropBoxTests.xctest */;
			productType = "com.apple.product-type.bundle.unit-test";
		};
		4F2410DA1CF7C0420022C61C /* DropBoxUITests */ = {
			isa = PBXNativeTarget;
			buildConfigurationList = 4F2410EA1CF7C0420022C61C /* Build configuration list for PBXNativeTarget "DropBoxUITests" */;
			buildPhases = (
				4F2410D71CF7C0420022C61C /* Sources */,
				4F2410D81CF7C0420022C61C /* Frameworks */,
				4F2410D91CF7C0420022C61C /* Resources */,
			);
			buildRules = (
			);
			dependencies = (
				4F2410DD1CF7C0420022C61C /* PBXTargetDependency */,
			);
			name = DropBoxUITests;
			productName = DropBoxUITests;
			productReference = 4F2410DB1CF7C0420022C61C /* DropBoxUITests.xctest */;
			productType = "com.apple.product-type.bundle.ui-testing";
		};
/* End PBXNativeTarget section */

/* Begin PBXProject section */
		4F2410B41CF7C0410022C61C /* Project object */ = {
			isa = PBXProject;
			attributes = {
				LastSwiftUpdateCheck = 0730;
				LastUpgradeCheck = 0730;
				ORGANIZATIONNAME = "Sumit Kohli";
				TargetAttributes = {
					4F2410BB1CF7C0410022C61C = {
						CreatedOnToolsVersion = 7.3.1;
					};
					4F2410CF1CF7C0420022C61C = {
						CreatedOnToolsVersion = 7.3.1;
						TestTargetID = 4F2410BB1CF7C0410022C61C;
					};
					4F2410DA1CF7C0420022C61C = {
						CreatedOnToolsVersion = 7.3.1;
						TestTargetID = 4F2410BB1CF7C0410022C61C;
					};
				};
			};
			buildConfigurationList = 4F2410B71CF7C0410022C61C /* Build configuration list for PBXProject "DropBox" */;
			compatibilityVersion = "Xcode 3.2";
			developmentRegion = English;
			hasScannedForEncodings = 0;
			knownRegions = (
				en,
				Base,
			);
			mainGroup = 4F2410B31CF7C0410022C61C;
			productRefGroup = 4F2410BD1CF7C0410022C61C /* Products */;
			projectDirPath = "";
			projectRoot = "";
			targets = (
				4F2410BB1CF7C0410022C61C /* DropBox */,
				4F2410CF1CF7C0420022C61C /* DropBoxTests */,
				4F2410DA1CF7C0420022C61C /* DropBoxUITests */,
			);
		};
/* End PBXProject section */

/* Begin PBXResourcesBuildPhase section */
		4F2410BA1CF7C0410022C61C /* Resources */ = {
			isa = PBXResourcesBuildPhase;
			buildActionMask = 2147483647;
			files = (
				4F2410CA1CF7C0410022C61C /* LaunchScreen.storyboard in Resources */,
				4F2410C71CF7C0410022C61C /* Assets.xcassets in Resources */,
				4F2410C51CF7C0410022C61C /* Main.storyboard in Resources */,
			);
			runOnlyForDeploymentPostprocessing = 0;
		};
		4F2410CE1CF7C0420022C61C /* Resources */ = {
			isa = PBXResourcesBuildPhase;
			buildActionMask = 2147483647;
			files = (
			);
			runOnlyForDeploymentPostprocessing = 0;
		};
		4F2410D91CF7C0420022C61C /* Resources */ = {
			isa = PBXResourcesBuildPhase;
			buildActionMask = 2147483647;
			files = (
			);
			runOnlyForDeploymentPostprocessing = 0;
		};
/* End PBXResourcesBuildPhase section */

/* Begin PBXSourcesBuildPhase section */
		4F2410B81CF7C0410022C61C /* Sources */ = {
			isa = PBXSourcesBuildPhase;
			buildActionMask = 2147483647;
			files = (
				4F2410C21CF7C0410022C61C /* ViewController.swift in Sources */,
				4F2410C01CF7C0410022C61C /* AppDelegate.swift in Sources */,
			);
			runOnlyForDeploymentPostprocessing = 0;
		};
		4F2410CC1CF7C0420022C61C /* Sources */ = {
			isa = PBXSourcesBuildPhase;
			buildActionMask = 2147483647;
			files = (
				4F2410D51CF7C0420022C61C /* DropBoxTests.swift in Sources */,
			);
			runOnlyForDeploymentPostprocessing = 0;
		};
		4F2410D71CF7C0420022C61C /* Sources */ = {
			isa = PBXSourcesBuildPhase;
			buildActionMask = 2147483647;
			files = (
				4F2410E01CF7C0420022C61C /* DropBoxUITests.swift in Sources */,
			);
			runOnlyForDeploymentPostprocessing = 0;
		};
/* End PBXSourcesBuildPhase section */

/* Begin PBXTargetDependency section */
		4F2410D21CF7C0420022C61C /* PBXTargetDependency */ = {
			isa = PBXTargetDependency;
			target = 4F2410BB1CF7C0410022C61C /* DropBox */;
			targetProxy = 4F2410D11CF7C0420022C61C /* PBXContainerItemProxy */;
		};
		4F2410DD1CF7C0420022C61C /* PBXTargetDependency */ = {
			isa = PBXTargetDependency;
			target = 4F2410BB1CF7C0410022C61C /* DropBox */;
			targetProxy = 4F2410DC1CF7C0420022C61C /* PBXContainerItemProxy */;
		};
/* End PBXTargetDependency section */

/* Begin PBXVariantGroup section */
		4F2410C31CF7C0410022C61C /* Main.storyboard */ = {
			isa = PBXVariantGroup;
			children = (
				4F2410C41CF7C0410022C61C /* Base */,
			);
			name = Main.storyboard;
			sourceTree = "<group>";
		};
		4F2410C81CF7C0410022C61C /* LaunchScreen.storyboard */ = {
			isa = PBXVariantGroup;
			children = (
				4F2410C91CF7C0410022C61C /* Base */,
			);
			name = LaunchScreen.storyboard;
			sourceTree = "<group>";
		};
/* End PBXVariantGroup section */

/* Begin XCBuildConfiguration section */
		4F2410E21CF7C0420022C61C /* Debug */ = {
			isa = XCBuildConfiguration;
			buildSettings = {
				ALWAYS_SEARCH_USER_PATHS = NO;
				CLANG_ANALYZER_NONNULL = YES;
				CLANG_CXX_LANGUAGE_STANDARD = "gnu++0x";
				CLANG_CXX_LIBRARY = "libc++";
				CLANG_ENABLE_MODULES = YES;
				CLANG_ENABLE_OBJC_ARC = YES;
				CLANG_WARN_BOOL_CONVERSION = YES;
				CLANG_WARN_CONSTANT_CONVERSION = YES;
				CLANG_WARN_DIRECT_OBJC_ISA_USAGE = YES_ERROR;
				CLANG_WARN_EMPTY_BODY = YES;
				CLANG_WARN_ENUM_CONVERSION = YES;
				CLANG_WARN_INT_CONVERSION = YES;
				CLANG_WARN_OBJC_ROOT_CLASS = YES_ERROR;
				CLANG_WARN_UNREACHABLE_CODE = YES;
				CLANG_WARN__DUPLICATE_METHOD_MATCH = YES;
				"CODE_SIGN_IDENTITY[sdk=iphoneos*]" = "iPhone Developer";
				COPY_PHASE_STRIP = NO;
				DEBUG_INFORMATION_FORMAT = dwarf;
				ENABLE_STRICT_OBJC_MSGSEND = YES;
				ENABLE_TESTABILITY = YES;
				GCC_C_LANGUAGE_STANDARD = gnu99;
				GCC_DYNAMIC_NO_PIC = NO;
				GCC_NO_COMMON_BLOCKS = YES;
				GCC_OPTIMIZATION_LEVEL = 0;
				GCC_PREPROCESSOR_DEFINITIONS = (
					"DEBUG=1",
					"$(inherited)",
				);
				GCC_WARN_64_TO_32_BIT_CONVERSION = YES;
				GCC_WARN_ABOUT_RETURN_TYPE = YES_ERROR;
				GCC_WARN_UNDECLARED_SELECTOR = YES;
				GCC_WARN_UNINITIALIZED_AUTOS = YES_AGGRESSIVE;
				GCC_WARN_UNUSED_FUNCTION = YES;
				GCC_WARN_UNUSED_VARIABLE = YES;
				IPHONEOS_DEPLOYMENT_TARGET = 9.3;
				MTL_ENABLE_DEBUG_INFO = YES;
				ONLY_ACTIVE_ARCH = YES;
				SDKROOT = iphoneos;
				SWIFT_OPTIMIZATION_LEVEL = "-Onone";
				TARGETED_DEVICE_FAMILY = "1,2";
			};
			name = Debug;
		};
		4F2410E31CF7C0420022C61C /* Release */ = {
			isa = XCBuildConfiguration;
			buildSettings = {
				ALWAYS_SEARCH_USER_PATHS = NO;
				CLANG_ANALYZER_NONNULL = YES;
				CLANG_CXX_LANGUAGE_STANDARD = "gnu++0x";
				CLANG_CXX_LIBRARY = "libc++";
				CLANG_ENABLE_MODULES = YES;
				CLANG_ENABLE_OBJC_ARC = YES;
				CLANG_WARN_BOOL_CONVERSION = YES;
				CLANG_WARN_CONSTANT_CONVERSION = YES;
				CLANG_WARN_DIRECT_OBJC_ISA_USAGE = YES_ERROR;
				CLANG_WARN_EMPTY_BODY = YES;
				CLANG_WARN_ENUM_CONVERSION = YES;
				CLANG_WARN_INT_CONVERSION = YES;
				CLANG_WARN_OBJC_ROOT_CLASS = YES_ERROR;
				CLANG_WARN_UNREACHABLE_CODE = YES;
				CLANG_WARN__DUPLICATE_METHOD_MATCH = YES;
				"CODE_SIGN_IDENTITY[sdk=iphoneos*]" = "iPhone Developer";
				COPY_PHASE_STRIP = NO;
				DEBUG_INFORMATION_FORMAT = "dwarf-with-dsym";
				ENABLE_NS_ASSERTIONS = NO;
				ENABLE_STRICT_OBJC_MSGSEND = YES;
				GCC_C_LANGUAGE_STANDARD = gnu99;
				GCC_NO_COMMON_BLOCKS = YES;
				GCC_WARN_64_TO_32_BIT_CONVERSION = YES;
				GCC_WARN_ABOUT_RETURN_TYPE = YES_ERROR;
				GCC_WARN_UNDECLARED_SELECTOR = YES;
				GCC_WARN_UNINITIALIZED_AUTOS = YES_AGGRESSIVE;
				GCC_WARN_UNUSED_FUNCTION = YES;
				GCC_WARN_UNUSED_VARIABLE = YES;
				IPHONEOS_DEPLOYMENT_TARGET = 9.3;
				MTL_ENABLE_DEBUG_INFO = NO;
				SDKROOT = iphoneos;
				TARGETED_DEVICE_FAMILY = "1,2";
				VALIDATE_PRODUCT = YES;
			};
			name = Release;
		};
		4F2410E51CF7C0420022C61C /* Debug */ = {
			isa = XCBuildConfiguration;
			buildSettings = {
				ASSETCATALOG_COMPILER_APPICON_NAME = AppIcon;
				INFOPLIST_FILE = DropBox/Info.plist;
				LD_RUNPATH_SEARCH_PATHS = "$(inherited) @executable_path/Frameworks";
				PRODUCT_BUNDLE_IDENTIFIER = walmart.DropBox;
				PRODUCT_NAME = "$(TARGET_NAME)";
			};
			name = Debug;
		};
		4F2410E61CF7C0420022C61C /* Release */ = {
			isa = XCBuildConfiguration;
			buildSettings = {
				ASSETCATALOG_COMPILER_APPICON_NAME = AppIcon;
				INFOPLIST_FILE = DropBox/Info.plist;
				LD_RUNPATH_SEARCH_PATHS = "$(inherited) @executable_path/Frameworks";
				PRODUCT_BUNDLE_IDENTIFIER = walmart.DropBox;
				PRODUCT_NAME = "$(TARGET_NAME)";
			};
			name = Release;
		};
		4F2410E81CF7C0420022C61C /* Debug */ = {
			isa = XCBuildConfiguration;
			buildSettings = {
				BUNDLE_LOADER = "$(TEST_HOST)";
				INFOPLIST_FILE = DropBoxTests/Info.plist;
				LD_RUNPATH_SEARCH_PATHS = "$(inherited) @executable_path/Frameworks @loader_path/Frameworks";
				PRODUCT_BUNDLE_IDENTIFIER = walmart.DropBoxTests;
				PRODUCT_NAME = "$(TARGET_NAME)";
				TEST_HOST = "$(BUILT_PRODUCTS_DIR)/DropBox.app/DropBox";
			};
			name = Debug;
		};
		4F2410E91CF7C0420022C61C /* Release */ = {
			isa = XCBuildConfiguration;
			buildSettings = {
				BUNDLE_LOADER = "$(TEST_HOST)";
				INFOPLIST_FILE = DropBoxTests/Info.plist;
				LD_RUNPATH_SEARCH_PATHS = "$(inherited) @executable_path/Frameworks @loader_path/Frameworks";
				PRODUCT_BUNDLE_IDENTIFIER = walmart.DropBoxTests;
				PRODUCT_NAME = "$(TARGET_NAME)";
				TEST_HOST = "$(BUILT_PRODUCTS_DIR)/DropBox.app/DropBox";
			};
			name = Release;
		};
		4F2410EB1CF7C0420022C61C /* Debug */ = {
			isa = XCBuildConfiguration;
			buildSettings = {
				INFOPLIST_FILE = DropBoxUITests/Info.plist;
				LD_RUNPATH_SEARCH_PATHS = "$(inherited) @executable_path/Frameworks @loader_path/Frameworks";
				PRODUCT_BUNDLE_IDENTIFIER = walmart.DropBoxUITests;
				PRODUCT_NAME = "$(TARGET_NAME)";
				TEST_TARGET_NAME = DropBox;
			};
			name = Debug;
		};
		4F2410EC1CF7C0420022C61C /* Release */ = {
			isa = XCBuildConfiguration;
			buildSettings = {
				INFOPLIST_FILE = DropBoxUITests/Info.plist;
				LD_RUNPATH_SEARCH_PATHS = "$(inherited) @executable_path/Frameworks @loader_path/Frameworks";
				PRODUCT_BUNDLE_IDENTIFIER = walmart.DropBoxUITests;
				PRODUCT_NAME = "$(TARGET_NAME)";
				TEST_TARGET_NAME = DropBox;
			};
			name = Release;
		};
/* End XCBuildConfiguration section */

/* Begin XCConfigurationList section */
		4F2410B71CF7C0410022C61C /* Build configuration list for PBXProject "DropBox" */ = {
			isa = XCConfigurationList;
			buildConfigurations = (
				4F2410E21CF7C0420022C61C /* Debug */,
				4F2410E31CF7C0420022C61C /* Release */,
			);
			defaultConfigurationIsVisible = 0;
			defaultConfigurationName = Release;
		};
		4F2410E41CF7C0420022C61C /* Build configuration list for PBXNativeTarget "DropBox" */ = {
			isa = XCConfigurationList;
			buildConfigurations = (
				4F2410E51CF7C0420022C61C /* Debug */,
				4F2410E61CF7C0420022C61C /* Release */,
			);
			defaultConfigurationIsVisible = 0;
		};
		4F2410E71CF7C0420022C61C /* Build configuration list for PBXNativeTarget "DropBoxTests" */ = {
			isa = XCConfigurationList;
			buildConfigurations = (
				4F2410E81CF7C0420022C61C /* Debug */,
				4F2410E91CF7C0420022C61C /* Release */,
			);
			defaultConfigurationIsVisible = 0;
		};
		4F2410EA1CF7C0420022C61C /* Build configuration list for PBXNativeTarget "DropBoxUITests" */ = {
			isa = XCConfigurationList;
			buildConfigurations = (
				4F2410EB1CF7C0420022C61C /* Debug */,
				4F2410EC1CF7C0420022C61C /* Release */,
			);
			defaultConfigurationIsVisible = 0;
		};
/* End XCConfigurationList section */
	};
	rootObject = 4F2410B41CF7C0410022C61C /* Project object */;
}
